
Microsoft Visual Studio Solution File, Format Version 12.00
# Visual Studio Version 17
VisualStudioVersion = 17.4.33213.308
MinimumVisualStudioVersion = 10.0.40219.1
Project("{9A19103F-16F7-4668-BE54-9A1E7A4F7556}") = "Blazor.ClientStorage", "Blazor.ClientStorage\Blazor.ClientStorage.csproj", "{5B16C2DF-679C-4591-9BEA-5531468B3757}"
EndProject
Project("{9A19103F-16F7-4668-BE54-9A1E7A4F7556}") = "Blazor.ClientStorage.Samples", "Blazor.ClientStorage.Samples\Blazor.ClientStorage.Samples.csproj", "{E0AF7CC6-6E7A-4194-A297-955F1896285E}"
EndProject
Global
	GlobalSection(SolutionConfigurationPlatforms) = preSolution
		Debug|Any CPU = Debug|Any CPU
		Release|Any CPU = Release|Any CPU
	EndGlobalSection
	GlobalSection(ProjectConfigurationPlatforms) = postSolution
		{5B16C2DF-679C-4591-9BEA-5531468B3757}.Debug|Any CPU.ActiveCfg = Debug|Any CPU
		{5B16C2DF-679C-4591-9BEA-5531468B3757}.Debug|Any CPU.Build.0 = Debug|Any CPU
		{5B16C2DF-679C-4591-9BEA-5531468B3757}.Release|Any CPU.ActiveCfg = Release|Any CPU
		{5B16C2DF-679C-4591-9BEA-5531468B3757}.Release|Any CPU.Build.0 = Release|Any CPU
		{E0AF7CC6-6E7A-4194-A297-955F1896285E}.Debug|Any CPU.ActiveCfg = Debug|Any CPU
		{E0AF7CC6-6E7A-4194-A297-955F1896285E}.Debug|Any CPU.Build.0 = Debug|Any CPU
		{E0AF7CC6-6E7A-4194-A297-955F1896285E}.Release|Any CPU.ActiveCfg = Release|Any CPU
		{E0AF7CC6-6E7A-4194-A297-955F1896285E}.Release|Any CPU.Build.0 = Release|Any CPU
	EndGlobalSection
	GlobalSection(SolutionProperties) = preSolution
		HideSolutionNode = FALSE
	EndGlobalSection
	GlobalSection(ExtensibilityGlobals) = postSolution
		SolutionGuid = {ABD52E46-FF6D-46A8-A90A-28262F63C15A}
	EndGlobalSection
EndGlobal
